
Microsoft Visual Studio Solution File, Format Version 12.00
# Visual Studio Version 17
VisualStudioVersion = 17.1.32328.378
MinimumVisualStudioVersion = 10.0.40219.1
Project("{FAE04EC0-301F-11D3-BF4B-00C04F79EFBC}") = "visualizador-de-produtos", "visualizador-de-produtos\visualizador-de-produtos.csproj", "{AFDF2D81-7A10-48DA-B9AA-724D25C19412}"
EndProject
Global
	GlobalSection(SolutionConfigurationPlatforms) = preSolution
		Debug|Any CPU = Debug|Any CPU
		Release|Any CPU = Release|Any CPU
	EndGlobalSection
	GlobalSection(ProjectConfigurationPlatforms) = postSolution
		{AFDF2D81-7A10-48DA-B9AA-724D25C19412}.Debug|Any CPU.ActiveCfg = Debug|Any CPU
		{AFDF2D81-7A10-48DA-B9AA-724D25C19412}.Debug|Any CPU.Build.0 = Debug|Any CPU
		{AFDF2D81-7A10-48DA-B9AA-724D25C19412}.Release|Any CPU.ActiveCfg = Release|Any CPU
		{AFDF2D81-7A10-48DA-B9AA-724D25C19412}.Release|Any CPU.Build.0 = Release|Any CPU
	EndGlobalSection
	GlobalSection(SolutionProperties) = preSolution
		HideSolutionNode = FALSE
	EndGlobalSection
	GlobalSection(ExtensibilityGlobals) = postSolution
		SolutionGuid = {7E5D2326-0BDE-4FB6-92C9-FF88A2DBBBB5}
	EndGlobalSection
EndGlobal
